
Microsoft Visual Studio Solution File, Format Version 12.00
# Visual Studio Version 17
VisualStudioVersion = 17.11.35222.181
MinimumVisualStudioVersion = 10.0.40219.1
Project("{2150E333-8FDC-42A3-9474-1A3956D46DE8}") = "2024", "2024", "{7B7A7CEB-BB09-4EE6-BC7C-FE274DFC6959}"
EndProject
Project("{9A19103F-16F7-4668-BE54-9A1E7A4F7556}") = "ClassLibrary", "Class Library\ClassLibrary.csproj", "{0D775856-0A22-420C-8508-6C0F14EAB842}"
EndProject
Project("{2150E333-8FDC-42A3-9474-1A3956D46DE8}") = "2023", "2023", "{43687218-B958-4483-BE2B-E1F866A6A672}"
EndProject
Project("{FAE04EC0-301F-11D3-BF4B-00C04F79EFBC}") = "2024.10", "2024\2024.10\2024.10.csproj", "{304D4BA6-5016-4E0E-974E-4725F87E21E5}"
EndProject
Project("{9A19103F-16F7-4668-BE54-9A1E7A4F7556}") = "2024.01", "2024\2024.01\2024.01.csproj", "{ADB967EA-70EC-40FB-8843-11EEDB52F5A0}"
EndProject
Project("{9A19103F-16F7-4668-BE54-9A1E7A4F7556}") = "2024.02", "2024\2024.02\2024.02.csproj", "{9EE781F1-365A-4ED4-A93E-6450199AFCE6}"
EndProject
Project("{9A19103F-16F7-4668-BE54-9A1E7A4F7556}") = "2024.03", "2024\2024.03\2024.03.csproj", "{301349AB-87B4-4299-A206-4E4E4A28E872}"
EndProject
Project("{9A19103F-16F7-4668-BE54-9A1E7A4F7556}") = "2024.04", "2024\2024.04\2024.04.csproj", "{0FBB8ED0-9243-4B50-B72D-5A3927AEE2F8}"
EndProject
Project("{9A19103F-16F7-4668-BE54-9A1E7A4F7556}") = "2024.05", "2024\2024.05\2024.05.csproj", "{26DF3BD5-0C47-4C06-A0DD-CE005405FF9D}"
EndProject
Project("{9A19103F-16F7-4668-BE54-9A1E7A4F7556}") = "2024.06", "2024\2024.06\2024.06.csproj", "{AFB5F26F-E093-450D-A2B2-8D562FA636FB}"
EndProject
Project("{9A19103F-16F7-4668-BE54-9A1E7A4F7556}") = "2024.07", "2024\2024.07\2024.07.csproj", "{6121DF2A-0696-4A88-8B12-A29D111CEA2B}"
EndProject
Project("{9A19103F-16F7-4668-BE54-9A1E7A4F7556}") = "2024.09", "2024\2024.09\2024.09.csproj", "{13DDE39D-97D1-4162-84F2-5EBAD4B95D28}"
EndProject
Project("{9A19103F-16F7-4668-BE54-9A1E7A4F7556}") = "2023.01", "2023\2023.01\2023.01.csproj", "{72493BA2-952F-40AC-AB8F-43B0D43AC9CF}"
EndProject
Global
	GlobalSection(SolutionConfigurationPlatforms) = preSolution
		Debug|Any CPU = Debug|Any CPU
		Release|Any CPU = Release|Any CPU
	EndGlobalSection
	GlobalSection(ProjectConfigurationPlatforms) = postSolution
		{0D775856-0A22-420C-8508-6C0F14EAB842}.Debug|Any CPU.ActiveCfg = Debug|Any CPU
		{0D775856-0A22-420C-8508-6C0F14EAB842}.Debug|Any CPU.Build.0 = Debug|Any CPU
		{0D775856-0A22-420C-8508-6C0F14EAB842}.Release|Any CPU.ActiveCfg = Release|Any CPU
		{0D775856-0A22-420C-8508-6C0F14EAB842}.Release|Any CPU.Build.0 = Release|Any CPU
		{304D4BA6-5016-4E0E-974E-4725F87E21E5}.Debug|Any CPU.ActiveCfg = Debug|Any CPU
		{304D4BA6-5016-4E0E-974E-4725F87E21E5}.Debug|Any CPU.Build.0 = Debug|Any CPU
		{304D4BA6-5016-4E0E-974E-4725F87E21E5}.Release|Any CPU.ActiveCfg = Release|Any CPU
		{304D4BA6-5016-4E0E-974E-4725F87E21E5}.Release|Any CPU.Build.0 = Release|Any CPU
		{ADB967EA-70EC-40FB-8843-11EEDB52F5A0}.Debug|Any CPU.ActiveCfg = Debug|Any CPU
		{ADB967EA-70EC-40FB-8843-11EEDB52F5A0}.Debug|Any CPU.Build.0 = Debug|Any CPU
		{ADB967EA-70EC-40FB-8843-11EEDB52F5A0}.Release|Any CPU.ActiveCfg = Release|Any CPU
		{ADB967EA-70EC-40FB-8843-11EEDB52F5A0}.Release|Any CPU.Build.0 = Release|Any CPU
		{9EE781F1-365A-4ED4-A93E-6450199AFCE6}.Debug|Any CPU.ActiveCfg = Debug|Any CPU
		{9EE781F1-365A-4ED4-A93E-6450199AFCE6}.Debug|Any CPU.Build.0 = Debug|Any CPU
		{9EE781F1-365A-4ED4-A93E-6450199AFCE6}.Release|Any CPU.ActiveCfg = Release|Any CPU
		{9EE781F1-365A-4ED4-A93E-6450199AFCE6}.Release|Any CPU.Build.0 = Release|Any CPU
		{301349AB-87B4-4299-A206-4E4E4A28E872}.Debug|Any CPU.ActiveCfg = Debug|Any CPU
		{301349AB-87B4-4299-A206-4E4E4A28E872}.Debug|Any CPU.Build.0 = Debug|Any CPU
		{301349AB-87B4-4299-A206-4E4E4A28E872}.Release|Any CPU.ActiveCfg = Release|Any CPU
		{301349AB-87B4-4299-A206-4E4E4A28E872}.Release|Any CPU.Build.0 = Release|Any CPU
		{0FBB8ED0-9243-4B50-B72D-5A3927AEE2F8}.Debug|Any CPU.ActiveCfg = Debug|Any CPU
		{0FBB8ED0-9243-4B50-B72D-5A3927AEE2F8}.Debug|Any CPU.Build.0 = Debug|Any CPU
		{0FBB8ED0-9243-4B50-B72D-5A3927AEE2F8}.Release|Any CPU.ActiveCfg = Release|Any CPU
		{0FBB8ED0-9243-4B50-B72D-5A3927AEE2F8}.Release|Any CPU.Build.0 = Release|Any CPU
		{26DF3BD5-0C47-4C06-A0DD-CE005405FF9D}.Debug|Any CPU.ActiveCfg = Debug|Any CPU
		{26DF3BD5-0C47-4C06-A0DD-CE005405FF9D}.Debug|Any CPU.Build.0 = Debug|Any CPU
		{26DF3BD5-0C47-4C06-A0DD-CE005405FF9D}.Release|Any CPU.ActiveCfg = Release|Any CPU
		{26DF3BD5-0C47-4C06-A0DD-CE005405FF9D}.Release|Any CPU.Build.0 = Release|Any CPU
		{AFB5F26F-E093-450D-A2B2-8D562FA636FB}.Debug|Any CPU.ActiveCfg = Debug|Any CPU
		{AFB5F26F-E093-450D-A2B2-8D562FA636FB}.Debug|Any CPU.Build.0 = Debug|Any CPU
		{AFB5F26F-E093-450D-A2B2-8D562FA636FB}.Release|Any CPU.ActiveCfg = Release|Any CPU
		{AFB5F26F-E093-450D-A2B2-8D562FA636FB}.Release|Any CPU.Build.0 = Release|Any CPU
		{6121DF2A-0696-4A88-8B12-A29D111CEA2B}.Debug|Any CPU.ActiveCfg = Debug|Any CPU
		{6121DF2A-0696-4A88-8B12-A29D111CEA2B}.Debug|Any CPU.Build.0 = Debug|Any CPU
		{6121DF2A-0696-4A88-8B12-A29D111CEA2B}.Release|Any CPU.ActiveCfg = Release|Any CPU
		{6121DF2A-0696-4A88-8B12-A29D111CEA2B}.Release|Any CPU.Build.0 = Release|Any CPU
		{13DDE39D-97D1-4162-84F2-5EBAD4B95D28}.Debug|Any CPU.ActiveCfg = Debug|Any CPU
		{13DDE39D-97D1-4162-84F2-5EBAD4B95D28}.Debug|Any CPU.Build.0 = Debug|Any CPU
		{13DDE39D-97D1-4162-84F2-5EBAD4B95D28}.Release|Any CPU.ActiveCfg = Release|Any CPU
		{13DDE39D-97D1-4162-84F2-5EBAD4B95D28}.Release|Any CPU.Build.0 = Release|Any CPU
		{72493BA2-952F-40AC-AB8F-43B0D43AC9CF}.Debug|Any CPU.ActiveCfg = Debug|Any CPU
		{72493BA2-952F-40AC-AB8F-43B0D43AC9CF}.Debug|Any CPU.Build.0 = Debug|Any CPU
		{72493BA2-952F-40AC-AB8F-43B0D43AC9CF}.Release|Any CPU.ActiveCfg = Release|Any CPU
		{72493BA2-952F-40AC-AB8F-43B0D43AC9CF}.Release|Any CPU.Build.0 = Release|Any CPU
	EndGlobalSection
	GlobalSection(SolutionProperties) = preSolution
		HideSolutionNode = FALSE
	EndGlobalSection
	GlobalSection(NestedProjects) = preSolution
		{304D4BA6-5016-4E0E-974E-4725F87E21E5} = {7B7A7CEB-BB09-4EE6-BC7C-FE274DFC6959}
		{ADB967EA-70EC-40FB-8843-11EEDB52F5A0} = {7B7A7CEB-BB09-4EE6-BC7C-FE274DFC6959}
		{9EE781F1-365A-4ED4-A93E-6450199AFCE6} = {7B7A7CEB-BB09-4EE6-BC7C-FE274DFC6959}
		{301349AB-87B4-4299-A206-4E4E4A28E872} = {7B7A7CEB-BB09-4EE6-BC7C-FE274DFC6959}
		{0FBB8ED0-9243-4B50-B72D-5A3927AEE2F8} = {7B7A7CEB-BB09-4EE6-BC7C-FE274DFC6959}
		{26DF3BD5-0C47-4C06-A0DD-CE005405FF9D} = {7B7A7CEB-BB09-4EE6-BC7C-FE274DFC6959}
		{AFB5F26F-E093-450D-A2B2-8D562FA636FB} = {7B7A7CEB-BB09-4EE6-BC7C-FE274DFC6959}
		{6121DF2A-0696-4A88-8B12-A29D111CEA2B} = {7B7A7CEB-BB09-4EE6-BC7C-FE274DFC6959}
		{13DDE39D-97D1-4162-84F2-5EBAD4B95D28} = {7B7A7CEB-BB09-4EE6-BC7C-FE274DFC6959}
		{72493BA2-952F-40AC-AB8F-43B0D43AC9CF} = {43687218-B958-4483-BE2B-E1F866A6A672}
	EndGlobalSection
	GlobalSection(ExtensibilityGlobals) = postSolution
		SolutionGuid = {93A168CD-03EE-4D1A-9B37-DE5F8AD2C7E1}
	EndGlobalSection
EndGlobal
